
Microsoft Visual Studio Solution File, Format Version 11.00
# Visual Studio 2010
Project("{8BC9CEB8-8B4A-11D0-8D11-00A0C91BC942}") = "AAPractica1a", "AAPractica1a\AAPractica1a.vcxproj", "{8F71F3B4-931E-45E8-882E-26E7A84B565B}"
EndProject
Global
	GlobalSection(SolutionConfigurationPlatforms) = preSolution
		Debug|Win32 = Debug|Win32
		Release|Win32 = Release|Win32
	EndGlobalSection
	GlobalSection(ProjectConfigurationPlatforms) = postSolution
		{8F71F3B4-931E-45E8-882E-26E7A84B565B}.Debug|Win32.ActiveCfg = Debug|Win32
		{8F71F3B4-931E-45E8-882E-26E7A84B565B}.Debug|Win32.Build.0 = Debug|Win32
		{8F71F3B4-931E-45E8-882E-26E7A84B565B}.Release|Win32.ActiveCfg = Release|Win32
		{8F71F3B4-931E-45E8-882E-26E7A84B565B}.Release|Win32.Build.0 = Release|Win32
	EndGlobalSection
	GlobalSection(SolutionProperties) = preSolution
		HideSolutionNode = FALSE
	EndGlobalSection
EndGlobal
